
Microsoft Visual Studio Solution File, Format Version 12.00
# Visual Studio Version 17
VisualStudioVersion = 17.3.32929.385
MinimumVisualStudioVersion = 10.0.40219.1
Project("{FAE04EC0-301F-11D3-BF4B-00C04F79EFBC}") = "Calculator", "Calculator\Calculator.csproj", "{8C525AF0-ACD3-472F-87BB-1D8FE5856219}"
EndProject
Global
	GlobalSection(SolutionConfigurationPlatforms) = preSolution
		Debug|Any CPU = Debug|Any CPU
		Release|Any CPU = Release|Any CPU
	EndGlobalSection
	GlobalSection(ProjectConfigurationPlatforms) = postSolution
		{8C525AF0-ACD3-472F-87BB-1D8FE5856219}.Debug|Any CPU.ActiveCfg = Debug|Any CPU
		{8C525AF0-ACD3-472F-87BB-1D8FE5856219}.Debug|Any CPU.Build.0 = Debug|Any CPU
		{8C525AF0-ACD3-472F-87BB-1D8FE5856219}.Release|Any CPU.ActiveCfg = Release|Any CPU
		{8C525AF0-ACD3-472F-87BB-1D8FE5856219}.Release|Any CPU.Build.0 = Release|Any CPU
	EndGlobalSection
	GlobalSection(SolutionProperties) = preSolution
		HideSolutionNode = FALSE
	EndGlobalSection
	GlobalSection(ExtensibilityGlobals) = postSolution
		SolutionGuid = {83EDCFC9-7146-4CE9-8823-F472D52D85CE}
	EndGlobalSection
EndGlobal
